
Microsoft Visual Studio Solution File, Format Version 12.00
# Visual Studio 15
VisualStudioVersion = 15.0.28010.2050
MinimumVisualStudioVersion = 10.0.40219.1
Project("{FAE04EC0-301F-11D3-BF4B-00C04F79EFBC}") = "WindowsFormsApp1", "WindowsFormsApp1\WindowsFormsApp1.csproj", "{232B32F8-6720-43BC-9E0D-1D299DC64E9A}"
EndProject
Global
	GlobalSection(SolutionConfigurationPlatforms) = preSolution
		Debug|Any CPU = Debug|Any CPU
		Release|Any CPU = Release|Any CPU
	EndGlobalSection
	GlobalSection(ProjectConfigurationPlatforms) = postSolution
		{232B32F8-6720-43BC-9E0D-1D299DC64E9A}.Debug|Any CPU.ActiveCfg = Debug|Any CPU
		{232B32F8-6720-43BC-9E0D-1D299DC64E9A}.Debug|Any CPU.Build.0 = Debug|Any CPU
		{232B32F8-6720-43BC-9E0D-1D299DC64E9A}.Release|Any CPU.ActiveCfg = Release|Any CPU
		{232B32F8-6720-43BC-9E0D-1D299DC64E9A}.Release|Any CPU.Build.0 = Release|Any CPU
	EndGlobalSection
	GlobalSection(SolutionProperties) = preSolution
		HideSolutionNode = FALSE
	EndGlobalSection
	GlobalSection(ExtensibilityGlobals) = postSolution
		SolutionGuid = {1EFF6EA2-3395-4086-81DD-3FF2E8DFDB28}
	EndGlobalSection
EndGlobal
